
Microsoft Visual Studio Solution File, Format Version 12.00
# Visual Studio Version 17
VisualStudioVersion = 17.7.34003.232
MinimumVisualStudioVersion = 10.0.40219.1
Project("{FAE04EC0-301F-11D3-BF4B-00C04F79EFBC}") = "ProjeSon", "ProjeSon.csproj", "{BFF418EB-1A93-471A-953F-0B9E6EDD3E23}"
EndProject
Global
	GlobalSection(SolutionConfigurationPlatforms) = preSolution
		Debug|Any CPU = Debug|Any CPU
		Release|Any CPU = Release|Any CPU
	EndGlobalSection
	GlobalSection(ProjectConfigurationPlatforms) = postSolution
		{BFF418EB-1A93-471A-953F-0B9E6EDD3E23}.Debug|Any CPU.ActiveCfg = Debug|Any CPU
		{BFF418EB-1A93-471A-953F-0B9E6EDD3E23}.Debug|Any CPU.Build.0 = Debug|Any CPU
		{BFF418EB-1A93-471A-953F-0B9E6EDD3E23}.Release|Any CPU.ActiveCfg = Release|Any CPU
		{BFF418EB-1A93-471A-953F-0B9E6EDD3E23}.Release|Any CPU.Build.0 = Release|Any CPU
	EndGlobalSection
	GlobalSection(SolutionProperties) = preSolution
		HideSolutionNode = FALSE
	EndGlobalSection
	GlobalSection(ExtensibilityGlobals) = postSolution
		SolutionGuid = {A36924A4-AD51-4B21-AE65-EC15C496898A}
	EndGlobalSection
EndGlobal
